// !$*UTF8*$!
{
	archiveVersion = 1;
	classes = {
	};
	objectVersion = 77;
	objects = {

/* Begin PBXBuildFile section */
		15182AB42FBFFCF5008C60D9 /* ViewController.swift in Sources */ = {isa = PBXBuildFile; fileRef = 15182AAD2FBFFCF5008C60D9 /* ViewController.swift */; };
		15182AB72FBFFD14008C60D9 /* SnapKit in Frameworks */ = {isa = PBXBuildFile; productRef = 15182AB62FBFFD14008C60D9 /* SnapKit */; };
		15182ABA2FBFFD2A008C60D9 /* SDWebImage in Frameworks */ = {isa = PBXBuildFile; productRef = 15182AB92FBFFD2A008C60D9 /* SDWebImage */; };
		15182AC22FC00BE3008C60D9 /* UIColor+Extension.swift in Sources */ = {isa = PBXBuildFile; fileRef = 15182AC12FC00BE3008C60D9 /* UIColor+Extension.swift */; };
		15182AC42FC00BE4008C60D9 /* UIColor+Hex.swift in Sources */ = {isa = PBXBuildFile; fileRef = 15182AC32FC00BE4008C60D9 /* UIColor+Hex.swift */; };
		152000012FC01000008C60D9 /* AppTab.swift in Sources */ = {isa = PBXBuildFile; fileRef = 152000112FC01000008C60D9 /* AppTab.swift */; };
		152000022FC01000008C60D9 /* TabBarItemViewData.swift in Sources */ = {isa = PBXBuildFile; fileRef = 152000122FC01000008C60D9 /* TabBarItemViewData.swift */; };
		152000032FC01000008C60D9 /* TabBarButton.swift in Sources */ = {isa = PBXBuildFile; fileRef = 152000132FC01000008C60D9 /* TabBarButton.swift */; };
		152000042FC01000008C60D9 /* TabBarView.swift in Sources */ = {isa = PBXBuildFile; fileRef = 152000142FC01000008C60D9 /* TabBarView.swift */; };
		152000052FC01000008C60D9 /* TabBarContainerViewController.swift in Sources */ = {isa = PBXBuildFile; fileRef = 152000152FC01000008C60D9 /* TabBarContainerViewController.swift */; };
		152000062FC01000008C60D9 /* TabBarViewModel.swift in Sources */ = {isa = PBXBuildFile; fileRef = 152000162FC01000008C60D9 /* TabBarViewModel.swift */; };
/* End PBXBuildFile section */

/* Begin PBXFileReference section */
		15182AAD2FBFFCF5008C60D9 /* ViewController.swift */ = {isa = PBXFileReference; lastKnownFileType = sourcecode.swift; path = ViewController.swift; sourceTree = "<group>"; };
		15182AC12FC00BE3008C60D9 /* UIColor+Extension.swift */ = {isa = PBXFileReference; lastKnownFileType = sourcecode.swift; path = "UIColor+Extension.swift"; sourceTree = "<group>"; };
		15182AC32FC00BE4008C60D9 /* UIColor+Hex.swift */ = {isa = PBXFileReference; lastKnownFileType = sourcecode.swift; path = "UIColor+Hex.swift"; sourceTree = "<group>"; };
		15186B9D2FBF1393008C60D9 /* NFSportApp.app */ = {isa = PBXFileReference; explicitFileType = wrapper.application; includeInIndex = 0; path = NFSportApp.app; sourceTree = BUILT_PRODUCTS_DIR; };
		152000112FC01000008C60D9 /* AppTab.swift */ = {isa = PBXFileReference; lastKnownFileType = sourcecode.swift; path = AppTab.swift; sourceTree = "<group>"; };
		152000122FC01000008C60D9 /* TabBarItemViewData.swift */ = {isa = PBXFileReference; lastKnownFileType = sourcecode.swift; path = TabBarItemViewData.swift; sourceTree = "<group>"; };
		152000132FC01000008C60D9 /* TabBarButton.swift */ = {isa = PBXFileReference; lastKnownFileType = sourcecode.swift; path = TabBarButton.swift; sourceTree = "<group>"; };
		152000142FC01000008C60D9 /* TabBarView.swift */ = {isa = PBXFileReference; lastKnownFileType = sourcecode.swift; path = TabBarView.swift; sourceTree = "<group>"; };
		152000152FC01000008C60D9 /* TabBarContainerViewController.swift */ = {isa = PBXFileReference; lastKnownFileType = sourcecode.swift; path = TabBarContainerViewController.swift; sourceTree = "<group>"; };
		152000162FC01000008C60D9 /* TabBarViewModel.swift */ = {isa = PBXFileReference; lastKnownFileType = sourcecode.swift; path = TabBarViewModel.swift; sourceTree = "<group>"; };
/* End PBXFileReference section */

/* Begin PBXFileSystemSynchronizedBuildFileExceptionSet section */
		15186BAF2FBF1394008C60D9 /* Exceptions for "NFSportApp" folder in "NFSportApp" target */ = {
			isa = PBXFileSystemSynchronizedBuildFileExceptionSet;
			membershipExceptions = (
				Info.plist,
			);
			target = 15186B9C2FBF1393008C60D9 /* NFSportApp */;
		};
/* End PBXFileSystemSynchronizedBuildFileExceptionSet section */

/* Begin PBXFileSystemSynchronizedRootGroup section */
		15186B9F2FBF1393008C60D9 /* NFSportApp */ = {
			isa = PBXFileSystemSynchronizedRootGroup;
			exceptions = (
				15186BAF2FBF1394008C60D9 /* Exceptions for "NFSportApp" folder in "NFSportApp" target */,
			);
			path = NFSportApp;
			sourceTree = "<group>";
		};
/* End PBXFileSystemSynchronizedRootGroup section */

/* Begin PBXFrameworksBuildPhase section */
		15186B9A2FBF1393008C60D9 /* Frameworks */ = {
			isa = PBXFrameworksBuildPhase;
			buildActionMask = 2147483647;
			files = (
				15182ABA2FBFFD2A008C60D9 /* SDWebImage in Frameworks */,
				15182AB72FBFFD14008C60D9 /* SnapKit in Frameworks */,
			);
			runOnlyForDeploymentPostprocessing = 0;
		};
/* End PBXFrameworksBuildPhase section */

/* Begin PBXGroup section */
		15182ABB2FBFFFA4008C60D9 /* Features */ = {
			isa = PBXGroup;
			children = (
				15182ABF2FC00BBC008C60D9 /* Extensions */,
				15182ABC2FBFFFB0008C60D9 /* Components */,
			);
			path = Features;
			sourceTree = "<group>";
		};
		15182ABC2FBFFFB0008C60D9 /* Components */ = {
			isa = PBXGroup;
			children = (
				15182ABD2FBFFFD0008C60D9 /* Placeholder */,
			);
			path = Components;
			sourceTree = "<group>";
		};
		15182ABD2FBFFFD0008C60D9 /* Placeholder */ = {
			isa = PBXGroup;
			children = (
				15182ABE2FC00450008C60D9 /* ViewController */,
			);
			path = Placeholder;
			sourceTree = "<group>";
		};
		15182ABE2FC00450008C60D9 /* ViewController */ = {
			isa = PBXGroup;
			children = (
				15182AAD2FBFFCF5008C60D9 /* ViewController.swift */,
			);
			path = ViewController;
			sourceTree = "<group>";
		};
		15182ABF2FC00BBC008C60D9 /* Extensions */ = {
			isa = PBXGroup;
			children = (
				15182AC02FC00BC5008C60D9 /* UIColor */,
			);
			path = Extensions;
			sourceTree = "<group>";
		};
		15182AC02FC00BC5008C60D9 /* UIColor */ = {
			isa = PBXGroup;
			children = (
				15182AC12FC00BE3008C60D9 /* UIColor+Extension.swift */,
				15182AC32FC00BE4008C60D9 /* UIColor+Hex.swift */,
			);
			path = UIColor;
			sourceTree = "<group>";
		};
		15186B942FBF1393008C60D9 = {
			isa = PBXGroup;
			children = (
				15182ABB2FBFFFA4008C60D9 /* Features */,
				152000202FC01000008C60D9 /* TabBar */,
				15186B9F2FBF1393008C60D9 /* NFSportApp */,
				15186B9E2FBF1393008C60D9 /* Products */,
			);
			sourceTree = "<group>";
		};
		15186B9E2FBF1393008C60D9 /* Products */ = {
			isa = PBXGroup;
			children = (
				15186B9D2FBF1393008C60D9 /* NFSportApp.app */,
			);
			name = Products;
			sourceTree = "<group>";
		};
		152000202FC01000008C60D9 /* TabBar */ = {
			isa = PBXGroup;
			children = (
				152000212FC01000008C60D9 /* Model */,
				152000222FC01000008C60D9 /* ViewModel */,
				152000232FC01000008C60D9 /* View */,
				152000242FC01000008C60D9 /* ViewController */,
			);
			path = TabBar;
			sourceTree = "<group>";
		};
		152000212FC01000008C60D9 /* Model */ = {
			isa = PBXGroup;
			children = (
				152000112FC01000008C60D9 /* AppTab.swift */,
				152000122FC01000008C60D9 /* TabBarItemViewData.swift */,
			);
			path = Model;
			sourceTree = "<group>";
		};
		152000222FC01000008C60D9 /* ViewModel */ = {
			isa = PBXGroup;
			children = (
				152000162FC01000008C60D9 /* TabBarViewModel.swift */,
			);
			path = ViewModel;
			sourceTree = "<group>";
		};
		152000232FC01000008C60D9 /* View */ = {
			isa = PBXGroup;
			children = (
				152000132FC01000008C60D9 /* TabBarButton.swift */,
				152000142FC01000008C60D9 /* TabBarView.swift */,
			);
			path = View;
			sourceTree = "<group>";
		};
		152000242FC01000008C60D9 /* ViewController */ = {
			isa = PBXGroup;
			children = (
				152000152FC01000008C60D9 /* TabBarContainerViewController.swift */,
			);
			path = ViewController;
			sourceTree = "<group>";
		};
/* End PBXGroup section */

/* Begin PBXNativeTarget section */
		15186B9C2FBF1393008C60D9 /* NFSportApp */ = {
			isa = PBXNativeTarget;
			buildConfigurationList = 15186BB02FBF1394008C60D9 /* Build configuration list for PBXNativeTarget "NFSportApp" */;
			buildPhases = (
				15186B992FBF1393008C60D9 /* Sources */,
				15186B9A2FBF1393008C60D9 /* Frameworks */,
				15186B9B2FBF1393008C60D9 /* Resources */,
			);
			buildRules = (
			);
			dependencies = (
			);
			fileSystemSynchronizedGroups = (
				15186B9F2FBF1393008C60D9 /* NFSportApp */,
			);
			name = NFSportApp;
			packageProductDependencies = (
				15182AB62FBFFD14008C60D9 /* SnapKit */,
				15182AB92FBFFD2A008C60D9 /* SDWebImage */,
			);
			productName = NFSportApp;
			productReference = 15186B9D2FBF1393008C60D9 /* NFSportApp.app */;
			productType = "com.apple.product-type.application";
		};
/* End PBXNativeTarget section */

/* Begin PBXProject section */
		15186B952FBF1393008C60D9 /* Project object */ = {
			isa = PBXProject;
			attributes = {
				BuildIndependentTargetsInParallel = 1;
				LastSwiftUpdateCheck = 2640;
				LastUpgradeCheck = 2640;
				TargetAttributes = {
					15186B9C2FBF1393008C60D9 = {
						CreatedOnToolsVersion = 26.4;
					};
				};
			};
			buildConfigurationList = 15186B982FBF1393008C60D9 /* Build configuration list for PBXProject "NFSportApp" */;
			developmentRegion = en;
			hasScannedForEncodings = 0;
			knownRegions = (
				en,
				Base,
			);
			mainGroup = 15186B942FBF1393008C60D9;
			minimizedProjectReferenceProxies = 1;
			packageReferences = (
				15182AB52FBFFD14008C60D9 /* XCRemoteSwiftPackageReference "SnapKit" */,
				15182AB82FBFFD2A008C60D9 /* XCRemoteSwiftPackageReference "SDWebImage" */,
			);
			preferredProjectObjectVersion = 77;
			productRefGroup = 15186B9E2FBF1393008C60D9 /* Products */;
			projectDirPath = "";
			projectRoot = "";
			targets = (
				15186B9C2FBF1393008C60D9 /* NFSportApp */,
			);
		};
/* End PBXProject section */

/* Begin PBXResourcesBuildPhase section */
		15186B9B2FBF1393008C60D9 /* Resources */ = {
			isa = PBXResourcesBuildPhase;
			buildActionMask = 2147483647;
			files = (
			);
			runOnlyForDeploymentPostprocessing = 0;
		};
/* End PBXResourcesBuildPhase section */

/* Begin PBXSourcesBuildPhase section */
		15186B992FBF1393008C60D9 /* Sources */ = {
			isa = PBXSourcesBuildPhase;
			buildActionMask = 2147483647;
			files = (
				152000012FC01000008C60D9 /* AppTab.swift in Sources */,
				152000022FC01000008C60D9 /* TabBarItemViewData.swift in Sources */,
				152000032FC01000008C60D9 /* TabBarButton.swift in Sources */,
				152000042FC01000008C60D9 /* TabBarView.swift in Sources */,
				15182AB42FBFFCF5008C60D9 /* ViewController.swift in Sources */,
				152000052FC01000008C60D9 /* TabBarContainerViewController.swift in Sources */,
				152000062FC01000008C60D9 /* TabBarViewModel.swift in Sources */,
				15182AC22FC00BE3008C60D9 /* UIColor+Extension.swift in Sources */,
				15182AC42FC00BE4008C60D9 /* UIColor+Hex.swift in Sources */,
			);
			runOnlyForDeploymentPostprocessing = 0;
		};
/* End PBXSourcesBuildPhase section */

/* Begin XCBuildConfiguration section */
		15186BB12FBF1394008C60D9 /* Debug */ = {
			isa = XCBuildConfiguration;
			buildSettings = {
				ASSETCATALOG_COMPILER_APPICON_NAME = AppIcon;
				ASSETCATALOG_COMPILER_GLOBAL_ACCENT_COLOR_NAME = AccentColor;
				CODE_SIGN_STYLE = Automatic;
				CURRENT_PROJECT_VERSION = 1;
				DEVELOPMENT_TEAM = G5A93Q7SG9;
				GENERATE_INFOPLIST_FILE = YES;
				INFOPLIST_FILE = NFSportApp/Info.plist;
				INFOPLIST_KEY_UIApplicationSupportsIndirectInputEvents = YES;
				INFOPLIST_KEY_UILaunchStoryboardName = LaunchScreen;
				INFOPLIST_KEY_UISupportedInterfaceOrientations_iPad = "UIInterfaceOrientationPortrait UIInterfaceOrientationPortraitUpsideDown UIInterfaceOrientationLandscapeLeft UIInterfaceOrientationLandscapeRight";
				INFOPLIST_KEY_UISupportedInterfaceOrientations_iPhone = "UIInterfaceOrientationPortrait UIInterfaceOrientationLandscapeLeft UIInterfaceOrientationLandscapeRight";
				LD_RUNPATH_SEARCH_PATHS = (
					"$(inherited)",
					"@executable_path/Frameworks",
				);
				MARKETING_VERSION = 1.0;
				PRODUCT_BUNDLE_IDENTIFIER = willyhsu.co.NFSportApp;
				PRODUCT_NAME = "$(TARGET_NAME)";
				STRING_CATALOG_GENERATE_SYMBOLS = YES;
				SWIFT_APPROACHABLE_CONCURRENCY = YES;
				SWIFT_DEFAULT_ACTOR_ISOLATION = MainActor;
				SWIFT_EMIT_LOC_STRINGS = YES;
				SWIFT_UPCOMING_FEATURE_MEMBER_IMPORT_VISIBILITY = YES;
				SWIFT_VERSION = 6.0;
				TARGETED_DEVICE_FAMILY = "1,2";
			};
			name = Debug;
		};
		15186BB22FBF1394008C60D9 /* Release */ = {
			isa = XCBuildConfiguration;
			buildSettings = {
				ASSETCATALOG_COMPILER_APPICON_NAME = AppIcon;
				ASSETCATALOG_COMPILER_GLOBAL_ACCENT_COLOR_NAME = AccentColor;
				CODE_SIGN_STYLE = Automatic;
				CURRENT_PROJECT_VERSION = 1;
				DEVELOPMENT_TEAM = G5A93Q7SG9;
				GENERATE_INFOPLIST_FILE = YES;
				INFOPLIST_FILE = NFSportApp/Info.plist;
				INFOPLIST_KEY_UIApplicationSupportsIndirectInputEvents = YES;
				INFOPLIST_KEY_UILaunchStoryboardName = LaunchScreen;
				INFOPLIST_KEY_UISupportedInterfaceOrientations_iPad = "UIInterfaceOrientationPortrait UIInterfaceOrientationPortraitUpsideDown UIInterfaceOrientationLandscapeLeft UIInterfaceOrientationLandscapeRight";
				INFOPLIST_KEY_UISupportedInterfaceOrientations_iPhone = "UIInterfaceOrientationPortrait UIInterfaceOrientationLandscapeLeft UIInterfaceOrientationLandscapeRight";
				LD_RUNPATH_SEARCH_PATHS = (
					"$(inherited)",
					"@executable_path/Frameworks",
				);
				MARKETING_VERSION = 1.0;
				PRODUCT_BUNDLE_IDENTIFIER = willyhsu.co.NFSportApp;
				PRODUCT_NAME = "$(TARGET_NAME)";
				STRING_CATALOG_GENERATE_SYMBOLS = YES;
				SWIFT_APPROACHABLE_CONCURRENCY = YES;
				SWIFT_DEFAULT_ACTOR_ISOLATION = MainActor;
				SWIFT_EMIT_LOC_STRINGS = YES;
				SWIFT_UPCOMING_FEATURE_MEMBER_IMPORT_VISIBILITY = YES;
				SWIFT_VERSION = 6.0;
				TARGETED_DEVICE_FAMILY = "1,2";
			};
			name = Release;
		};
		15186BB32FBF1394008C60D9 /* Debug */ = {
			isa = XCBuildConfiguration;
			buildSettings = {
				ALWAYS_SEARCH_USER_PATHS = NO;
				ASSETCATALOG_COMPILER_GENERATE_SWIFT_ASSET_SYMBOL_EXTENSIONS = YES;
				CLANG_ANALYZER_NONNULL = YES;
				CLANG_ANALYZER_NUMBER_OBJECT_CONVERSION = YES_AGGRESSIVE;
				CLANG_CXX_LANGUAGE_STANDARD = "gnu++20";
				CLANG_ENABLE_MODULES = YES;
				CLANG_ENABLE_OBJC_ARC = YES;
				CLANG_ENABLE_OBJC_WEAK = YES;
				CLANG_WARN_BLOCK_CAPTURE_AUTORELEASING = YES;
				CLANG_WARN_BOOL_CONVERSION = YES;
				CLANG_WARN_COMMA = YES;
				CLANG_WARN_CONSTANT_CONVERSION = YES;
				CLANG_WARN_DEPRECATED_OBJC_IMPLEMENTATIONS = YES;
				CLANG_WARN_DIRECT_OBJC_ISA_USAGE = YES_ERROR;
				CLANG_WARN_DOCUMENTATION_COMMENTS = YES;
				CLANG_WARN_EMPTY_BODY = YES;
				CLANG_WARN_ENUM_CONVERSION = YES;
				CLANG_WARN_INFINITE_RECURSION = YES;
				CLANG_WARN_INT_CONVERSION = YES;
				CLANG_WARN_NON_LITERAL_NULL_CONVERSION = YES;
				CLANG_WARN_OBJC_IMPLICIT_RETAIN_SELF = YES;
				CLANG_WARN_OBJC_LITERAL_CONVERSION = YES;
				CLANG_WARN_OBJC_ROOT_CLASS = YES_ERROR;
				CLANG_WARN_QUOTED_INCLUDE_IN_FRAMEWORK_HEADER = YES;
				CLANG_WARN_RANGE_LOOP_ANALYSIS = YES;
				CLANG_WARN_STRICT_PROTOTYPES = YES;
				CLANG_WARN_SUSPICIOUS_MOVE = YES;
				CLANG_WARN_UNGUARDED_AVAILABILITY = YES_AGGRESSIVE;
				CLANG_WARN_UNREACHABLE_CODE = YES;
				CLANG_WARN__DUPLICATE_METHOD_MATCH = YES;
				COPY_PHASE_STRIP = NO;
				DEBUG_INFORMATION_FORMAT = dwarf;
				DEVELOPMENT_TEAM = G5A93Q7SG9;
				ENABLE_STRICT_OBJC_MSGSEND = YES;
				ENABLE_TESTABILITY = YES;
				ENABLE_USER_SCRIPT_SANDBOXING = YES;
				GCC_C_LANGUAGE_STANDARD = gnu17;
				GCC_DYNAMIC_NO_PIC = NO;
				GCC_NO_COMMON_BLOCKS = YES;
				GCC_OPTIMIZATION_LEVEL = 0;
				GCC_PREPROCESSOR_DEFINITIONS = (
					"DEBUG=1",
					"$(inherited)",
				);
				GCC_WARN_64_TO_32_BIT_CONVERSION = YES;
				GCC_WARN_ABOUT_RETURN_TYPE = YES_ERROR;
				GCC_WARN_UNDECLARED_SELECTOR = YES;
				GCC_WARN_UNINITIALIZED_AUTOS = YES_AGGRESSIVE;
				GCC_WARN_UNUSED_FUNCTION = YES;
				GCC_WARN_UNUSED_VARIABLE = YES;
				IPHONEOS_DEPLOYMENT_TARGET = 26.4;
				LOCALIZATION_PREFERS_STRING_CATALOGS = YES;
				MTL_ENABLE_DEBUG_INFO = INCLUDE_SOURCE;
				MTL_FAST_MATH = YES;
				ONLY_ACTIVE_ARCH = YES;
				SDKROOT = iphoneos;
				SWIFT_ACTIVE_COMPILATION_CONDITIONS = "DEBUG $(inherited)";
				SWIFT_OPTIMIZATION_LEVEL = "-Onone";
			};
			name = Debug;
		};
		15186BB42FBF1394008C60D9 /* Release */ = {
			isa = XCBuildConfiguration;
			buildSettings = {
				ALWAYS_SEARCH_USER_PATHS = NO;
				ASSETCATALOG_COMPILER_GENERATE_SWIFT_ASSET_SYMBOL_EXTENSIONS = YES;
				CLANG_ANALYZER_NONNULL = YES;
				CLANG_ANALYZER_NUMBER_OBJECT_CONVERSION = YES_AGGRESSIVE;
				CLANG_CXX_LANGUAGE_STANDARD = "gnu++20";
				CLANG_ENABLE_MODULES = YES;
				CLANG_ENABLE_OBJC_ARC = YES;
				CLANG_ENABLE_OBJC_WEAK = YES;
				CLANG_WARN_BLOCK_CAPTURE_AUTORELEASING = YES;
				CLANG_WARN_BOOL_CONVERSION = YES;
				CLANG_WARN_COMMA = YES;
				CLANG_WARN_CONSTANT_CONVERSION = YES;
				CLANG_WARN_DEPRECATED_OBJC_IMPLEMENTATIONS = YES;
				CLANG_WARN_DIRECT_OBJC_ISA_USAGE = YES_ERROR;
				CLANG_WARN_DOCUMENTATION_COMMENTS = YES;
				CLANG_WARN_EMPTY_BODY = YES;
				CLANG_WARN_ENUM_CONVERSION = YES;
				CLANG_WARN_INFINITE_RECURSION = YES;
				CLANG_WARN_INT_CONVERSION = YES;
				CLANG_WARN_NON_LITERAL_NULL_CONVERSION = YES;
				CLANG_WARN_OBJC_IMPLICIT_RETAIN_SELF = YES;
				CLANG_WARN_OBJC_LITERAL_CONVERSION = YES;
				CLANG_WARN_OBJC_ROOT_CLASS = YES_ERROR;
				CLANG_WARN_QUOTED_INCLUDE_IN_FRAMEWORK_HEADER = YES;
				CLANG_WARN_RANGE_LOOP_ANALYSIS = YES;
				CLANG_WARN_STRICT_PROTOTYPES = YES;
				CLANG_WARN_SUSPICIOUS_MOVE = YES;
				CLANG_WARN_UNGUARDED_AVAILABILITY = YES_AGGRESSIVE;
				CLANG_WARN_UNREACHABLE_CODE = YES;
				CLANG_WARN__DUPLICATE_METHOD_MATCH = YES;
				COPY_PHASE_STRIP = NO;
				DEBUG_INFORMATION_FORMAT = "dwarf-with-dsym";
				DEVELOPMENT_TEAM = G5A93Q7SG9;
				ENABLE_NS_ASSERTIONS = NO;
				ENABLE_STRICT_OBJC_MSGSEND = YES;
				ENABLE_USER_SCRIPT_SANDBOXING = YES;
				GCC_C_LANGUAGE_STANDARD = gnu17;
				GCC_NO_COMMON_BLOCKS = YES;
				GCC_WARN_64_TO_32_BIT_CONVERSION = YES;
				GCC_WARN_ABOUT_RETURN_TYPE = YES_ERROR;
				GCC_WARN_UNDECLARED_SELECTOR = YES;
				GCC_WARN_UNINITIALIZED_AUTOS = YES_AGGRESSIVE;
				GCC_WARN_UNUSED_FUNCTION = YES;
				GCC_WARN_UNUSED_VARIABLE = YES;
				IPHONEOS_DEPLOYMENT_TARGET = 26.4;
				LOCALIZATION_PREFERS_STRING_CATALOGS = YES;
				MTL_ENABLE_DEBUG_INFO = NO;
				MTL_FAST_MATH = YES;
				SDKROOT = iphoneos;
				SWIFT_COMPILATION_MODE = wholemodule;
				VALIDATE_PRODUCT = YES;
			};
			name = Release;
		};
/* End XCBuildConfiguration section */

/* Begin XCConfigurationList section */
		15186B982FBF1393008C60D9 /* Build configuration list for PBXProject "NFSportApp" */ = {
			isa = XCConfigurationList;
			buildConfigurations = (
				15186BB32FBF1394008C60D9 /* Debug */,
				15186BB42FBF1394008C60D9 /* Release */,
			);
			defaultConfigurationIsVisible = 0;
			defaultConfigurationName = Release;
		};
		15186BB02FBF1394008C60D9 /* Build configuration list for PBXNativeTarget "NFSportApp" */ = {
			isa = XCConfigurationList;
			buildConfigurations = (
				15186BB12FBF1394008C60D9 /* Debug */,
				15186BB22FBF1394008C60D9 /* Release */,
			);
			defaultConfigurationIsVisible = 0;
			defaultConfigurationName = Release;
		};
/* End XCConfigurationList section */

/* Begin XCRemoteSwiftPackageReference section */
		15182AB52FBFFD14008C60D9 /* XCRemoteSwiftPackageReference "SnapKit" */ = {
			isa = XCRemoteSwiftPackageReference;
			repositoryURL = "https://github.com/SnapKit/SnapKit";
			requirement = {
				kind = upToNextMajorVersion;
				minimumVersion = 5.7.1;
			};
		};
		15182AB82FBFFD2A008C60D9 /* XCRemoteSwiftPackageReference "SDWebImage" */ = {
			isa = XCRemoteSwiftPackageReference;
			repositoryURL = "https://github.com/SDWebImage/SDWebImage";
			requirement = {
				kind = upToNextMajorVersion;
				minimumVersion = 5.21.7;
			};
		};
/* End XCRemoteSwiftPackageReference section */

/* Begin XCSwiftPackageProductDependency section */
		15182AB62FBFFD14008C60D9 /* SnapKit */ = {
			isa = XCSwiftPackageProductDependency;
			package = 15182AB52FBFFD14008C60D9 /* XCRemoteSwiftPackageReference "SnapKit" */;
			productName = SnapKit;
		};
		15182AB92FBFFD2A008C60D9 /* SDWebImage */ = {
			isa = XCSwiftPackageProductDependency;
			package = 15182AB82FBFFD2A008C60D9 /* XCRemoteSwiftPackageReference "SDWebImage" */;
			productName = SDWebImage;
		};
/* End XCSwiftPackageProductDependency section */
	};
	rootObject = 15186B952FBF1393008C60D9 /* Project object */;
}
